// !$*UTF8*$!
{
	archiveVersion = 1;
	classes = {
	};
	objectVersion = 50;
	objects = {

/* Begin PBXBuildFile section */
		9467291522005CCD00CBAFA3 /* VPNService.framework in Frameworks */ = {isa = PBXBuildFile; fileRef = 9467290B22005CCD00CBAFA3 /* VPNService.framework */; };
		9467291A22005CCD00CBAFA3 /* VPNServiceTests.swift in Sources */ = {isa = PBXBuildFile; fileRef = 9467291922005CCD00CBAFA3 /* VPNServiceTests.swift */; };
		9467291C22005CCD00CBAFA3 /* VPNService.h in Headers */ = {isa = PBXBuildFile; fileRef = 9467290E22005CCD00CBAFA3 /* VPNService.h */; settings = {ATTRIBUTES = (Public, ); }; };
		9467292922005CF000CBAFA3 /* IVPNService.swift in Sources */ = {isa = PBXBuildFile; fileRef = 9467292522005CF000CBAFA3 /* IVPNService.swift */; };
		9467292A22005CF000CBAFA3 /* VPNConfig.swift in Sources */ = {isa = PBXBuildFile; fileRef = 9467292622005CF000CBAFA3 /* VPNConfig.swift */; };
		9467292B22005CF000CBAFA3 /* VPNServiceDelegate.swift in Sources */ = {isa = PBXBuildFile; fileRef = 9467292722005CF000CBAFA3 /* VPNServiceDelegate.swift */; };
		9467292C22005CF000CBAFA3 /* VPNService.swift in Sources */ = {isa = PBXBuildFile; fileRef = 9467292822005CF000CBAFA3 /* VPNService.swift */; };
/* End PBXBuildFile section */

/* Begin PBXContainerItemProxy section */
		9467291622005CCD00CBAFA3 /* PBXContainerItemProxy */ = {
			isa = PBXContainerItemProxy;
			containerPortal = 9467290222005CCD00CBAFA3 /* Project object */;
			proxyType = 1;
			remoteGlobalIDString = 9467290A22005CCD00CBAFA3;
			remoteInfo = VPNService;
		};
/* End PBXContainerItemProxy section */

/* Begin PBXFileReference section */
		9467290B22005CCD00CBAFA3 /* VPNService.framework */ = {isa = PBXFileReference; explicitFileType = wrapper.framework; includeInIndex = 0; path = VPNService.framework; sourceTree = BUILT_PRODUCTS_DIR; };
		9467290E22005CCD00CBAFA3 /* VPNService.h */ = {isa = PBXFileReference; lastKnownFileType = sourcecode.c.h; path = VPNService.h; sourceTree = "<group>"; };
		9467290F22005CCD00CBAFA3 /* Info.plist */ = {isa = PBXFileReference; lastKnownFileType = text.plist.xml; path = Info.plist; sourceTree = "<group>"; };
		9467291422005CCD00CBAFA3 /* VPNServiceTests.xctest */ = {isa = PBXFileReference; explicitFileType = wrapper.cfbundle; includeInIndex = 0; path = VPNServiceTests.xctest; sourceTree = BUILT_PRODUCTS_DIR; };
		9467291922005CCD00CBAFA3 /* VPNServiceTests.swift */ = {isa = PBXFileReference; lastKnownFileType = sourcecode.swift; path = VPNServiceTests.swift; sourceTree = "<group>"; };
		9467291B22005CCD00CBAFA3 /* Info.plist */ = {isa = PBXFileReference; lastKnownFileType = text.plist.xml; path = Info.plist; sourceTree = "<group>"; };
		9467292522005CF000CBAFA3 /* IVPNService.swift */ = {isa = PBXFileReference; fileEncoding = 4; lastKnownFileType = sourcecode.swift; path = IVPNService.swift; sourceTree = "<group>"; };
		9467292622005CF000CBAFA3 /* VPNConfig.swift */ = {isa = PBXFileReference; fileEncoding = 4; lastKnownFileType = sourcecode.swift; path = VPNConfig.swift; sourceTree = "<group>"; };
		9467292722005CF000CBAFA3 /* VPNServiceDelegate.swift */ = {isa = PBXFileReference; fileEncoding = 4; lastKnownFileType = sourcecode.swift; path = VPNServiceDelegate.swift; sourceTree = "<group>"; };
		9467292822005CF000CBAFA3 /* VPNService.swift */ = {isa = PBXFileReference; fileEncoding = 4; lastKnownFileType = sourcecode.swift; path = VPNService.swift; sourceTree = "<group>"; };
/* End PBXFileReference section */

/* Begin PBXFrameworksBuildPhase section */
		9467290822005CCD00CBAFA3 /* Frameworks */ = {
			isa = PBXFrameworksBuildPhase;
			buildActionMask = 2147483647;
			files = (
			);
			runOnlyForDeploymentPostprocessing = 0;
		};
		9467291122005CCD00CBAFA3 /* Frameworks */ = {
			isa = PBXFrameworksBuildPhase;
			buildActionMask = 2147483647;
			files = (
				9467291522005CCD00CBAFA3 /* VPNService.framework in Frameworks */,
			);
			runOnlyForDeploymentPostprocessing = 0;
		};
/* End PBXFrameworksBuildPhase section */

/* Begin PBXGroup section */
		9467290122005CCD00CBAFA3 = {
			isa = PBXGroup;
			children = (
				9467290D22005CCD00CBAFA3 /* VPNService */,
				9467291822005CCD00CBAFA3 /* VPNServiceTests */,
				9467290C22005CCD00CBAFA3 /* Products */,
			);
			sourceTree = "<group>";
		};
		9467290C22005CCD00CBAFA3 /* Products */ = {
			isa = PBXGroup;
			children = (
				9467290B22005CCD00CBAFA3 /* VPNService.framework */,
				9467291422005CCD00CBAFA3 /* VPNServiceTests.xctest */,
			);
			name = Products;
			sourceTree = "<group>";
		};
		9467290D22005CCD00CBAFA3 /* VPNService */ = {
			isa = PBXGroup;
			children = (
				9467292522005CF000CBAFA3 /* IVPNService.swift */,
				9467292622005CF000CBAFA3 /* VPNConfig.swift */,
				9467292822005CF000CBAFA3 /* VPNService.swift */,
				9467292722005CF000CBAFA3 /* VPNServiceDelegate.swift */,
				9467290E22005CCD00CBAFA3 /* VPNService.h */,
				9467290F22005CCD00CBAFA3 /* Info.plist */,
			);
			path = VPNService;
			sourceTree = "<group>";
		};
		9467291822005CCD00CBAFA3 /* VPNServiceTests */ = {
			isa = PBXGroup;
			children = (
				9467291922005CCD00CBAFA3 /* VPNServiceTests.swift */,
				9467291B22005CCD00CBAFA3 /* Info.plist */,
			);
			path = VPNServiceTests;
			sourceTree = "<group>";
		};
/* End PBXGroup section */

/* Begin PBXHeadersBuildPhase section */
		9467290622005CCD00CBAFA3 /* Headers */ = {
			isa = PBXHeadersBuildPhase;
			buildActionMask = 2147483647;
			files = (
				9467291C22005CCD00CBAFA3 /* VPNService.h in Headers */,
			);
			runOnlyForDeploymentPostprocessing = 0;
		};
/* End PBXHeadersBuildPhase section */

/* Begin PBXNativeTarget section */
		9467290A22005CCD00CBAFA3 /* VPNService */ = {
			isa = PBXNativeTarget;
			buildConfigurationList = 9467291F22005CCD00CBAFA3 /* Build configuration list for PBXNativeTarget "VPNService" */;
			buildPhases = (
				9467290622005CCD00CBAFA3 /* Headers */,
				9467290722005CCD00CBAFA3 /* Sources */,
				9467290822005CCD00CBAFA3 /* Frameworks */,
				9467290922005CCD00CBAFA3 /* Resources */,
			);
			buildRules = (
			);
			dependencies = (
			);
			name = VPNService;
			productName = VPNService;
			productReference = 9467290B22005CCD00CBAFA3 /* VPNService.framework */;
			productType = "com.apple.product-type.framework";
		};
		9467291322005CCD00CBAFA3 /* VPNServiceTests */ = {
			isa = PBXNativeTarget;
			buildConfigurationList = 9467292222005CCD00CBAFA3 /* Build configuration list for PBXNativeTarget "VPNServiceTests" */;
			buildPhases = (
				9467291022005CCD00CBAFA3 /* Sources */,
				9467291122005CCD00CBAFA3 /* Frameworks */,
				9467291222005CCD00CBAFA3 /* Resources */,
			);
			buildRules = (
			);
			dependencies = (
				9467291722005CCD00CBAFA3 /* PBXTargetDependency */,
			);
			name = VPNServiceTests;
			productName = VPNServiceTests;
			productReference = 9467291422005CCD00CBAFA3 /* VPNServiceTests.xctest */;
			productType = "com.apple.product-type.bundle.unit-test";
		};
/* End PBXNativeTarget section */

/* Begin PBXProject section */
		9467290222005CCD00CBAFA3 /* Project object */ = {
			isa = PBXProject;
			attributes = {
				LastSwiftUpdateCheck = 1010;
				LastUpgradeCheck = 1010;
				ORGANIZATIONNAME = "Artem Sidorenko";
				TargetAttributes = {
					9467290A22005CCD00CBAFA3 = {
						CreatedOnToolsVersion = 10.1;
						LastSwiftMigration = 1010;
					};
					9467291322005CCD00CBAFA3 = {
						CreatedOnToolsVersion = 10.1;
					};
				};
			};
			buildConfigurationList = 9467290522005CCD00CBAFA3 /* Build configuration list for PBXProject "VPNService" */;
			compatibilityVersion = "Xcode 9.3";
			developmentRegion = en;
			hasScannedForEncodings = 0;
			knownRegions = (
				en,
			);
			mainGroup = 9467290122005CCD00CBAFA3;
			productRefGroup = 9467290C22005CCD00CBAFA3 /* Products */;
			projectDirPath = "";
			projectRoot = "";
			targets = (
				9467290A22005CCD00CBAFA3 /* VPNService */,
				9467291322005CCD00CBAFA3 /* VPNServiceTests */,
			);
		};
/* End PBXProject section */

/* Begin PBXResourcesBuildPhase section */
		9467290922005CCD00CBAFA3 /* Resources */ = {
			isa = PBXResourcesBuildPhase;
			buildActionMask = 2147483647;
			files = (
			);
			runOnlyForDeploymentPostprocessing = 0;
		};
		9467291222005CCD00CBAFA3 /* Resources */ = {
			isa = PBXResourcesBuildPhase;
			buildActionMask = 2147483647;
			files = (
			);
			runOnlyForDeploymentPostprocessing = 0;
		};
/* End PBXResourcesBuildPhase section */

/* Begin PBXSourcesBuildPhase section */
		9467290722005CCD00CBAFA3 /* Sources */ = {
			isa = PBXSourcesBuildPhase;
			buildActionMask = 2147483647;
			files = (
				9467292C22005CF000CBAFA3 /* VPNService.swift in Sources */,
				9467292A22005CF000CBAFA3 /* VPNConfig.swift in Sources */,
				9467292B22005CF000CBAFA3 /* VPNServiceDelegate.swift in Sources */,
				9467292922005CF000CBAFA3 /* IVPNService.swift in Sources */,
			);
			runOnlyForDeploymentPostprocessing = 0;
		};
		9467291022005CCD00CBAFA3 /* Sources */ = {
			isa = PBXSourcesBuildPhase;
			buildActionMask = 2147483647;
			files = (
				9467291A22005CCD00CBAFA3 /* VPNServiceTests.swift in Sources */,
			);
			runOnlyForDeploymentPostprocessing = 0;
		};
/* End PBXSourcesBuildPhase section */

/* Begin PBXTargetDependency section */
		9467291722005CCD00CBAFA3 /* PBXTargetDependency */ = {
			isa = PBXTargetDependency;
			target = 9467290A22005CCD00CBAFA3 /* VPNService */;
			targetProxy = 9467291622005CCD00CBAFA3 /* PBXContainerItemProxy */;
		};
/* End PBXTargetDependency section */

/* Begin XCBuildConfiguration section */
		9467291D22005CCD00CBAFA3 /* Debug */ = {
			isa = XCBuildConfiguration;
			buildSettings = {
				ALWAYS_SEARCH_USER_PATHS = NO;
				CLANG_ANALYZER_NONNULL = YES;
				CLANG_ANALYZER_NUMBER_OBJECT_CONVERSION = YES_AGGRESSIVE;
				CLANG_CXX_LANGUAGE_STANDARD = "gnu++14";
				CLANG_CXX_LIBRARY = "libc++";
				CLANG_ENABLE_MODULES = YES;
				CLANG_ENABLE_OBJC_ARC = YES;
				CLANG_ENABLE_OBJC_WEAK = YES;
				CLANG_WARN_BLOCK_CAPTURE_AUTORELEASING = YES;
				CLANG_WARN_BOOL_CONVERSION = YES;
				CLANG_WARN_COMMA = YES;
				CLANG_WARN_CONSTANT_CONVERSION = YES;
				CLANG_WARN_DEPRECATED_OBJC_IMPLEMENTATIONS = YES;
				CLANG_WARN_DIRECT_OBJC_ISA_USAGE = YES_ERROR;
				CLANG_WARN_DOCUMENTATION_COMMENTS = YES;
				CLANG_WARN_EMPTY_BODY = YES;
				CLANG_WARN_ENUM_CONVERSION = YES;
				CLANG_WARN_INFINITE_RECURSION = YES;
				CLANG_WARN_INT_CONVERSION = YES;
				CLANG_WARN_NON_LITERAL_NULL_CONVERSION = YES;
				CLANG_WARN_OBJC_IMPLICIT_RETAIN_SELF = YES;
				CLANG_WARN_OBJC_LITERAL_CONVERSION = YES;
				CLANG_WARN_OBJC_ROOT_CLASS = YES_ERROR;
				CLANG_WARN_RANGE_LOOP_ANALYSIS = YES;
				CLANG_WARN_STRICT_PROTOTYPES = YES;
				CLANG_WARN_SUSPICIOUS_MOVE = YES;
				CLANG_WARN_UNGUARDED_AVAILABILITY = YES_AGGRESSIVE;
				CLANG_WARN_UNREACHABLE_CODE = YES;
				CLANG_WARN__DUPLICATE_METHOD_MATCH = YES;
				CODE_SIGN_IDENTITY = "iPhone Developer";
				COPY_PHASE_STRIP = NO;
				CURRENT_PROJECT_VERSION = 1;
				DEBUG_INFORMATION_FORMAT = dwarf;
				ENABLE_STRICT_OBJC_MSGSEND = YES;
				ENABLE_TESTABILITY = YES;
				GCC_C_LANGUAGE_STANDARD = gnu11;
				GCC_DYNAMIC_NO_PIC = NO;
				GCC_NO_COMMON_BLOCKS = YES;
				GCC_OPTIMIZATION_LEVEL = 0;
				GCC_PREPROCESSOR_DEFINITIONS = (
					"DEBUG=1",
					"$(inherited)",
				);
				GCC_WARN_64_TO_32_BIT_CONVERSION = YES;
				GCC_WARN_ABOUT_RETURN_TYPE = YES_ERROR;
				GCC_WARN_UNDECLARED_SELECTOR = YES;
				GCC_WARN_UNINITIALIZED_AUTOS = YES_AGGRESSIVE;
				GCC_WARN_UNUSED_FUNCTION = YES;
				GCC_WARN_UNUSED_VARIABLE = YES;
				IPHONEOS_DEPLOYMENT_TARGET = 10.0;
				MTL_ENABLE_DEBUG_INFO = INCLUDE_SOURCE;
				MTL_FAST_MATH = YES;
				ONLY_ACTIVE_ARCH = YES;
				SDKROOT = iphoneos;
				SWIFT_ACTIVE_COMPILATION_CONDITIONS = DEBUG;
				SWIFT_OPTIMIZATION_LEVEL = "-Onone";
				VERSIONING_SYSTEM = "apple-generic";
				VERSION_INFO_PREFIX = "";
			};
			name = Debug;
		};
		9467291E22005CCD00CBAFA3 /* Release */ = {
			isa = XCBuildConfiguration;
			buildSettings = {
				ALWAYS_SEARCH_USER_PATHS = NO;
				CLANG_ANALYZER_NONNULL = YES;
				CLANG_ANALYZER_NUMBER_OBJECT_CONVERSION = YES_AGGRESSIVE;
				CLANG_CXX_LANGUAGE_STANDARD = "gnu++14";
				CLANG_CXX_LIBRARY = "libc++";
				CLANG_ENABLE_MODULES = YES;
				CLANG_ENABLE_OBJC_ARC = YES;
				CLANG_ENABLE_OBJC_WEAK = YES;
				CLANG_WARN_BLOCK_CAPTURE_AUTORELEASING = YES;
				CLANG_WARN_BOOL_CONVERSION = YES;
				CLANG_WARN_COMMA = YES;
				CLANG_WARN_CONSTANT_CONVERSION = YES;
				CLANG_WARN_DEPRECATED_OBJC_IMPLEMENTATIONS = YES;
				CLANG_WARN_DIRECT_OBJC_ISA_USAGE = YES_ERROR;
				CLANG_WARN_DOCUMENTATION_COMMENTS = YES;
				CLANG_WARN_EMPTY_BODY = YES;
				CLANG_WARN_ENUM_CONVERSION = YES;
				CLANG_WARN_INFINITE_RECURSION = YES;
				CLANG_WARN_INT_CONVERSION = YES;
				CLANG_WARN_NON_LITERAL_NULL_CONVERSION = YES;
				CLANG_WARN_OBJC_IMPLICIT_RETAIN_SELF = YES;
				CLANG_WARN_OBJC_LITERAL_CONVERSION = YES;
				CLANG_WARN_OBJC_ROOT_CLASS = YES_ERROR;
				CLANG_WARN_RANGE_LOOP_ANALYSIS = YES;
				CLANG_WARN_STRICT_PROTOTYPES = YES;
				CLANG_WARN_SUSPICIOUS_MOVE = YES;
				CLANG_WARN_UNGUARDED_AVAILABILITY = YES_AGGRESSIVE;
				CLANG_WARN_UNREACHABLE_CODE = YES;
				CLANG_WARN__DUPLICATE_METHOD_MATCH = YES;
				CODE_SIGN_IDENTITY = "iPhone Developer";
				COPY_PHASE_STRIP = NO;
				CURRENT_PROJECT_VERSION = 1;
				DEBUG_INFORMATION_FORMAT = "dwarf-with-dsym";
				ENABLE_NS_ASSERTIONS = NO;
				ENABLE_STRICT_OBJC_MSGSEND = YES;
				GCC_C_LANGUAGE_STANDARD = gnu11;
				GCC_NO_COMMON_BLOCKS = YES;
				GCC_WARN_64_TO_32_BIT_CONVERSION = YES;
				GCC_WARN_ABOUT_RETURN_TYPE = YES_ERROR;
				GCC_WARN_UNDECLARED_SELECTOR = YES;
				GCC_WARN_UNINITIALIZED_AUTOS = YES_AGGRESSIVE;
				GCC_WARN_UNUSED_FUNCTION = YES;
				GCC_WARN_UNUSED_VARIABLE = YES;
				IPHONEOS_DEPLOYMENT_TARGET = 10.0;
				MTL_ENABLE_DEBUG_INFO = NO;
				MTL_FAST_MATH = YES;
				SDKROOT = iphoneos;
				SWIFT_COMPILATION_MODE = wholemodule;
				SWIFT_OPTIMIZATION_LEVEL = "-O";
				VALIDATE_PRODUCT = YES;
				VERSIONING_SYSTEM = "apple-generic";
				VERSION_INFO_PREFIX = "";
			};
			name = Release;
		};
		9467292022005CCD00CBAFA3 /* Debug */ = {
			isa = XCBuildConfiguration;
			buildSettings = {
				CLANG_ENABLE_MODULES = YES;
				CODE_SIGN_IDENTITY = "";
				CODE_SIGN_STYLE = Automatic;
				DEFINES_MODULE = YES;
				DEVELOPMENT_TEAM = UFDRB2R4CS;
				DYLIB_COMPATIBILITY_VERSION = 1;
				DYLIB_CURRENT_VERSION = 1;
				DYLIB_INSTALL_NAME_BASE = "@rpath";
				INFOPLIST_FILE = VPNService/Info.plist;
				INSTALL_PATH = "$(LOCAL_LIBRARY_DIR)/Frameworks";
				IPHONEOS_DEPLOYMENT_TARGET = 10.0;
				LD_RUNPATH_SEARCH_PATHS = (
					"$(inherited)",
					"@executable_path/Frameworks",
					"@loader_path/Frameworks",
				);
				PRODUCT_BUNDLE_IDENTIFIER = com.vpn.VPNService;
				PRODUCT_NAME = "$(TARGET_NAME:c99extidentifier)";
				SKIP_INSTALL = YES;
				SWIFT_OPTIMIZATION_LEVEL = "-Onone";
				SWIFT_VERSION = 5.0;
				TARGETED_DEVICE_FAMILY = "1,2";
			};
			name = Debug;
		};
		9467292122005CCD00CBAFA3 /* Release */ = {
			isa = XCBuildConfiguration;
			buildSettings = {
				CLANG_ENABLE_MODULES = YES;
				CODE_SIGN_IDENTITY = "";
				CODE_SIGN_STYLE = Automatic;
				DEFINES_MODULE = YES;
				DEVELOPMENT_TEAM = UFDRB2R4CS;
				DYLIB_COMPATIBILITY_VERSION = 1;
				DYLIB_CURRENT_VERSION = 1;
				DYLIB_INSTALL_NAME_BASE = "@rpath";
				INFOPLIST_FILE = VPNService/Info.plist;
				INSTALL_PATH = "$(LOCAL_LIBRARY_DIR)/Frameworks";
				IPHONEOS_DEPLOYMENT_TARGET = 10.0;
				LD_RUNPATH_SEARCH_PATHS = (
					"$(inherited)",
					"@executable_path/Frameworks",
					"@loader_path/Frameworks",
				);
				PRODUCT_BUNDLE_IDENTIFIER = com.vpn.VPNService;
				PRODUCT_NAME = "$(TARGET_NAME:c99extidentifier)";
				SKIP_INSTALL = YES;
				SWIFT_VERSION = 5.0;
				TARGETED_DEVICE_FAMILY = "1,2";
			};
			name = Release;
		};
		9467292322005CCD00CBAFA3 /* Debug */ = {
			isa = XCBuildConfiguration;
			buildSettings = {
				ALWAYS_EMBED_SWIFT_STANDARD_LIBRARIES = YES;
				CODE_SIGN_STYLE = Automatic;
				DEVELOPMENT_TEAM = UFDRB2R4CS;
				INFOPLIST_FILE = VPNServiceTests/Info.plist;
				LD_RUNPATH_SEARCH_PATHS = (
					"$(inherited)",
					"@executable_path/Frameworks",
					"@loader_path/Frameworks",
				);
				PRODUCT_BUNDLE_IDENTIFIER = com.vpn.VPNServiceTests;
				PRODUCT_NAME = "$(TARGET_NAME)";
				SWIFT_VERSION = 4.2;
				TARGETED_DEVICE_FAMILY = "1,2";
			};
			name = Debug;
		};
		9467292422005CCD00CBAFA3 /* Release */ = {
			isa = XCBuildConfiguration;
			buildSettings = {
				ALWAYS_EMBED_SWIFT_STANDARD_LIBRARIES = YES;
				CODE_SIGN_STYLE = Automatic;
				DEVELOPMENT_TEAM = UFDRB2R4CS;
				INFOPLIST_FILE = VPNServiceTests/Info.plist;
				LD_RUNPATH_SEARCH_PATHS = (
					"$(inherited)",
					"@executable_path/Frameworks",
					"@loader_path/Frameworks",
				);
				PRODUCT_BUNDLE_IDENTIFIER = com.vpn.VPNServiceTests;
				PRODUCT_NAME = "$(TARGET_NAME)";
				SWIFT_VERSION = 4.2;
				TARGETED_DEVICE_FAMILY = "1,2";
			};
			name = Release;
		};
/* End XCBuildConfiguration section */

/* Begin XCConfigurationList section */
		9467290522005CCD00CBAFA3 /* Build configuration list for PBXProject "VPNService" */ = {
			isa = XCConfigurationList;
			buildConfigurations = (
				9467291D22005CCD00CBAFA3 /* Debug */,
				9467291E22005CCD00CBAFA3 /* Release */,
			);
			defaultConfigurationIsVisible = 0;
			defaultConfigurationName = Release;
		};
		9467291F22005CCD00CBAFA3 /* Build configuration list for PBXNativeTarget "VPNService" */ = {
			isa = XCConfigurationList;
			buildConfigurations = (
				9467292022005CCD00CBAFA3 /* Debug */,
				9467292122005CCD00CBAFA3 /* Release */,
			);
			defaultConfigurationIsVisible = 0;
			defaultConfigurationName = Release;
		};
		9467292222005CCD00CBAFA3 /* Build configuration list for PBXNativeTarget "VPNServiceTests" */ = {
			isa = XCConfigurationList;
			buildConfigurations = (
				9467292322005CCD00CBAFA3 /* Debug */,
				9467292422005CCD00CBAFA3 /* Release */,
			);
			defaultConfigurationIsVisible = 0;
			defaultConfigurationName = Release;
		};
/* End XCConfigurationList section */
	};
	rootObject = 9467290222005CCD00CBAFA3 /* Project object */;
}
